
Microsoft Visual Studio Solution File, Format Version 11.00
# Visual Studio 2010
Project("{8BC9CEB8-8B4A-11D0-8D11-00A0C91BC942}") = "test", "..\test\test\test.vcxproj", "{E10E480D-C084-4D5D-8B8B-4DD017A05705}"
EndProject
Project("{8BC9CEB8-8B4A-11D0-8D11-00A0C91BC942}") = "Character_Animation_v0_01", "Character_Animation_v0_01\Character_Animation_v0_01.vcxproj", "{3A467589-8A72-48CE-88F9-8DB0317CD82D}"
EndProject
Project("{8BC9CEB8-8B4A-11D0-8D11-00A0C91BC942}") = "Character_Animation", "Character_Animation\Character_Animation.vcxproj", "{297C085B-F619-42F5-9614-6E99B6E3323E}"
EndProject
Project("{8BC9CEB8-8B4A-11D0-8D11-00A0C91BC942}") = "Arcball_glexample", "..\..\..\Examples\Arcball_glexample\Arcball_glexample.vcxproj", "{349FA153-9E33-4C68-A08D-6D2905CC7BDF}"
EndProject
Global
	GlobalSection(SolutionConfigurationPlatforms) = preSolution
		Debug|Win32 = Debug|Win32
		Release|Win32 = Release|Win32
	EndGlobalSection
	GlobalSection(ProjectConfigurationPlatforms) = postSolution
		{E10E480D-C084-4D5D-8B8B-4DD017A05705}.Debug|Win32.ActiveCfg = Debug|Win32
		{E10E480D-C084-4D5D-8B8B-4DD017A05705}.Debug|Win32.Build.0 = Debug|Win32
		{E10E480D-C084-4D5D-8B8B-4DD017A05705}.Release|Win32.ActiveCfg = Release|Win32
		{E10E480D-C084-4D5D-8B8B-4DD017A05705}.Release|Win32.Build.0 = Release|Win32
		{3A467589-8A72-48CE-88F9-8DB0317CD82D}.Debug|Win32.ActiveCfg = Debug|Win32
		{3A467589-8A72-48CE-88F9-8DB0317CD82D}.Debug|Win32.Build.0 = Debug|Win32
		{3A467589-8A72-48CE-88F9-8DB0317CD82D}.Release|Win32.ActiveCfg = Release|Win32
		{3A467589-8A72-48CE-88F9-8DB0317CD82D}.Release|Win32.Build.0 = Release|Win32
		{297C085B-F619-42F5-9614-6E99B6E3323E}.Debug|Win32.ActiveCfg = Debug|Win32
		{297C085B-F619-42F5-9614-6E99B6E3323E}.Debug|Win32.Build.0 = Debug|Win32
		{297C085B-F619-42F5-9614-6E99B6E3323E}.Release|Win32.ActiveCfg = Release|Win32
		{297C085B-F619-42F5-9614-6E99B6E3323E}.Release|Win32.Build.0 = Release|Win32
		{349FA153-9E33-4C68-A08D-6D2905CC7BDF}.Debug|Win32.ActiveCfg = Debug|Win32
		{349FA153-9E33-4C68-A08D-6D2905CC7BDF}.Debug|Win32.Build.0 = Debug|Win32
		{349FA153-9E33-4C68-A08D-6D2905CC7BDF}.Release|Win32.ActiveCfg = Release|Win32
		{349FA153-9E33-4C68-A08D-6D2905CC7BDF}.Release|Win32.Build.0 = Release|Win32
	EndGlobalSection
	GlobalSection(SolutionProperties) = preSolution
		HideSolutionNode = FALSE
	EndGlobalSection
EndGlobal
